
Microsoft Visual Studio Solution File, Format Version 12.00
# Visual Studio 15
VisualStudioVersion = 15.0.26403.3
MinimumVisualStudioVersion = 10.0.40219.1
Project("{FAE04EC0-301F-11D3-BF4B-00C04F79EFBC}") = "Holte.Profesjonell.API", "Holte.Profesjonell.API\Holte.Profesjonell.API.csproj", "{A16D75CB-6DE0-479D-8001-BF86CE69DF87}"
EndProject
Project("{FAE04EC0-301F-11D3-BF4B-00C04F79EFBC}") = "Holte.Profesjonell.Web", "Holte.Profesjonell.Web\Holte.Profesjonell.Web.csproj", "{70333BD2-0D65-44CC-8A88-5CA02E990BF8}"
EndProject
Global
	GlobalSection(SolutionConfigurationPlatforms) = preSolution
		Debug|Any CPU = Debug|Any CPU
		Release|Any CPU = Release|Any CPU
	EndGlobalSection
	GlobalSection(ProjectConfigurationPlatforms) = postSolution
		{A16D75CB-6DE0-479D-8001-BF86CE69DF87}.Debug|Any CPU.ActiveCfg = Debug|Any CPU
		{A16D75CB-6DE0-479D-8001-BF86CE69DF87}.Debug|Any CPU.Build.0 = Debug|Any CPU
		{A16D75CB-6DE0-479D-8001-BF86CE69DF87}.Release|Any CPU.ActiveCfg = Release|Any CPU
		{A16D75CB-6DE0-479D-8001-BF86CE69DF87}.Release|Any CPU.Build.0 = Release|Any CPU
		{70333BD2-0D65-44CC-8A88-5CA02E990BF8}.Debug|Any CPU.ActiveCfg = Debug|Any CPU
		{70333BD2-0D65-44CC-8A88-5CA02E990BF8}.Debug|Any CPU.Build.0 = Debug|Any CPU
		{70333BD2-0D65-44CC-8A88-5CA02E990BF8}.Release|Any CPU.ActiveCfg = Release|Any CPU
		{70333BD2-0D65-44CC-8A88-5CA02E990BF8}.Release|Any CPU.Build.0 = Release|Any CPU
	EndGlobalSection
	GlobalSection(SolutionProperties) = preSolution
		HideSolutionNode = FALSE
	EndGlobalSection
EndGlobal
